
Microsoft Visual Studio Solution File, Format Version 12.00
# Visual Studio 2012
Project("{FAE04EC0-301F-11D3-BF4B-00C04F79EFBC}") = "Cake.Android.Adb", "Cake.Android.Adb\Cake.Android.Adb.csproj", "{DAE552A3-F16C-4A8C-BABC-635DF880B953}"
EndProject
Project("{FAE04EC0-301F-11D3-BF4B-00C04F79EFBC}") = "Cake.Android.Adb.Tests", "Cake.Android.Adb.Tests\Cake.Android.Adb.Tests.csproj", "{F87B11D6-B566-4C3D-A4F6-F54FFDF98ED9}"
EndProject
Global
	GlobalSection(SolutionConfigurationPlatforms) = preSolution
		Debug|Any CPU = Debug|Any CPU
		Release|Any CPU = Release|Any CPU
	EndGlobalSection
	GlobalSection(ProjectConfigurationPlatforms) = postSolution
		{DAE552A3-F16C-4A8C-BABC-635DF880B953}.Debug|Any CPU.ActiveCfg = Debug|Any CPU
		{DAE552A3-F16C-4A8C-BABC-635DF880B953}.Debug|Any CPU.Build.0 = Debug|Any CPU
		{DAE552A3-F16C-4A8C-BABC-635DF880B953}.Release|Any CPU.ActiveCfg = Release|Any CPU
		{DAE552A3-F16C-4A8C-BABC-635DF880B953}.Release|Any CPU.Build.0 = Release|Any CPU
		{F87B11D6-B566-4C3D-A4F6-F54FFDF98ED9}.Debug|Any CPU.ActiveCfg = Debug|Any CPU
		{F87B11D6-B566-4C3D-A4F6-F54FFDF98ED9}.Debug|Any CPU.Build.0 = Debug|Any CPU
		{F87B11D6-B566-4C3D-A4F6-F54FFDF98ED9}.Release|Any CPU.ActiveCfg = Release|Any CPU
		{F87B11D6-B566-4C3D-A4F6-F54FFDF98ED9}.Release|Any CPU.Build.0 = Release|Any CPU
	EndGlobalSection
EndGlobal
